// !$*UTF8*$!
{
	archiveVersion = 1;
	classes = {
	};
	objectVersion = 46;
	objects = {

/* Begin PBXBuildFile section */
		3F098FB815486B420072E4B8 /* Cocoa.framework in Frameworks */ = {isa = PBXBuildFile; fileRef = 3F098FB715486B420072E4B8 /* Cocoa.framework */; };
		3F098FC215486B420072E4B8 /* InfoPlist.strings in Resources */ = {isa = PBXBuildFile; fileRef = 3F098FC015486B420072E4B8 /* InfoPlist.strings */; };
		3F098FC415486B420072E4B8 /* main.m in Sources */ = {isa = PBXBuildFile; fileRef = 3F098FC315486B420072E4B8 /* main.m */; };
		3F098FC815486B420072E4B8 /* Credits.rtf in Resources */ = {isa = PBXBuildFile; fileRef = 3F098FC615486B420072E4B8 /* Credits.rtf */; };
		3F098FCB15486B420072E4B8 /* TPAppDelegate.m in Sources */ = {isa = PBXBuildFile; fileRef = 3F098FCA15486B420072E4B8 /* TPAppDelegate.m */; };
		3F098FCE15486B430072E4B8 /* MainMenu.xib in Resources */ = {isa = PBXBuildFile; fileRef = 3F098FCC15486B430072E4B8 /* MainMenu.xib */; };
		3F098FD615486B6F0072E4B8 /* TPOpenGLView.m in Sources */ = {isa = PBXBuildFile; fileRef = 3F098FD515486B6F0072E4B8 /* TPOpenGLView.m */; };
		3F098FDA15486C010072E4B8 /* OpenGL.framework in Frameworks */ = {isa = PBXBuildFile; fileRef = 3F098FD815486C010072E4B8 /* OpenGL.framework */; };
		3F0C1F7D1552D9CD0091CFB7 /* AtmosphereProjection.c in Sources */ = {isa = PBXBuildFile; fileRef = 3F0C1F7C1552D9CD0091CFB7 /* AtmosphereProjection.c */; };
		3F2C91D01554258C001CEB81 /* ATPoint.c in Sources */ = {isa = PBXBuildFile; fileRef = 3F2C91CF1554258C001CEB81 /* ATPoint.c */; };
		3F2C91D3155427E7001CEB81 /* ATPolygon.c in Sources */ = {isa = PBXBuildFile; fileRef = 3F2C91D2155427E7001CEB81 /* ATPolygon.c */; };
		3F2C91D615542882001CEB81 /* ATVertex.c in Sources */ = {isa = PBXBuildFile; fileRef = 3F2C91D515542882001CEB81 /* ATVertex.c */; };
		3F2C91D915542988001CEB81 /* ATSize.c in Sources */ = {isa = PBXBuildFile; fileRef = 3F2C91D815542988001CEB81 /* ATSize.c */; };
		3F2C91DC15542A55001CEB81 /* ATTexture.c in Sources */ = {isa = PBXBuildFile; fileRef = 3F2C91DB15542A54001CEB81 /* ATTexture.c */; };
		3F2C91DF15542B50001CEB81 /* ATColor.c in Sources */ = {isa = PBXBuildFile; fileRef = 3F2C91DE15542B50001CEB81 /* ATColor.c */; };
		3F36920B1563EE79007DBD4F /* NSArray+TwoD.m in Sources */ = {isa = PBXBuildFile; fileRef = 3F36920A1563EE79007DBD4F /* NSArray+TwoD.m */; };
		3F36920D15640B56007DBD4F /* QuartzCore.framework in Frameworks */ = {isa = PBXBuildFile; fileRef = 3F36920C15640B56007DBD4F /* QuartzCore.framework */; };
		3F9108E81555D701003AB9F6 /* ATTexturedPolygon.c in Sources */ = {isa = PBXBuildFile; fileRef = 3F9108E71555D701003AB9F6 /* ATTexturedPolygon.c */; };
		3F95FD6D154B172E007D5BCC /* NSImage+OpenGLTexture.m in Sources */ = {isa = PBXBuildFile; fileRef = 3F95FD6C154B172E007D5BCC /* NSImage+OpenGLTexture.m */; };
		3F962E69155C006100090190 /* TPString.m in Sources */ = {isa = PBXBuildFile; fileRef = 3F962E68155C006000090190 /* TPString.m */; };
		3F962E6C155C1ECD00090190 /* ATRotation.c in Sources */ = {isa = PBXBuildFile; fileRef = 3F962E6B155C1ECB00090190 /* ATRotation.c */; };
		3F962E6F155CB1B400090190 /* ATCamera.c in Sources */ = {isa = PBXBuildFile; fileRef = 3F962E6E155CB1B300090190 /* ATCamera.c */; };
		3F962E72155CB24B00090190 /* ATVector.c in Sources */ = {isa = PBXBuildFile; fileRef = 3F962E71155CB24A00090190 /* ATVector.c */; };
		3F980AA1154891CF005EDE60 /* TPSceneRenderer.m in Sources */ = {isa = PBXBuildFile; fileRef = 3F980AA0154891CF005EDE60 /* TPSceneRenderer.m */; };
		3F980AAA154893FA005EDE60 /* TPAxis.m in Sources */ = {isa = PBXBuildFile; fileRef = 3F980AA9154893FA005EDE60 /* TPAxis.m */; };
		3F980AC3154A3591005EDE60 /* TPTerrain.m in Sources */ = {isa = PBXBuildFile; fileRef = 3F980AC2154A3591005EDE60 /* TPTerrain.m */; };
		3F980AC6154A3823005EDE60 /* TPChunk.m in Sources */ = {isa = PBXBuildFile; fileRef = 3F980AC5154A3822005EDE60 /* TPChunk.m */; };
		3F980AD9154AFB2A005EDE60 /* JSVertex.m in Sources */ = {isa = PBXBuildFile; fileRef = 3F980AD8154AFB29005EDE60 /* JSVertex.m */; };
		3FAE6A8E15688E4E00917C65 /* TPTerrainGenerator.m in Sources */ = {isa = PBXBuildFile; fileRef = 3FAE6A8D15688E4E00917C65 /* TPTerrainGenerator.m */; };
/* End PBXBuildFile section */

/* Begin PBXFileReference section */
		3F098FB315486B420072E4B8 /* TerrainProject.app */ = {isa = PBXFileReference; explicitFileType = wrapper.application; includeInIndex = 0; path = TerrainProject.app; sourceTree = BUILT_PRODUCTS_DIR; };
		3F098FB715486B420072E4B8 /* Cocoa.framework */ = {isa = PBXFileReference; lastKnownFileType = wrapper.framework; name = Cocoa.framework; path = System/Library/Frameworks/Cocoa.framework; sourceTree = SDKROOT; };
		3F098FBA15486B420072E4B8 /* AppKit.framework */ = {isa = PBXFileReference; lastKnownFileType = wrapper.framework; name = AppKit.framework; path = System/Library/Frameworks/AppKit.framework; sourceTree = SDKROOT; };
		3F098FBB15486B420072E4B8 /* CoreData.framework */ = {isa = PBXFileReference; lastKnownFileType = wrapper.framework; name = CoreData.framework; path = System/Library/Frameworks/CoreData.framework; sourceTree = SDKROOT; };
		3F098FBC15486B420072E4B8 /* Foundation.framework */ = {isa = PBXFileReference; lastKnownFileType = wrapper.framework; name = Foundation.framework; path = System/Library/Frameworks/Foundation.framework; sourceTree = SDKROOT; };
		3F098FBF15486B420072E4B8 /* TerrainProject-Info.plist */ = {isa = PBXFileReference; lastKnownFileType = text.plist.xml; path = "TerrainProject-Info.plist"; sourceTree = "<group>"; };
		3F098FC115486B420072E4B8 /* en */ = {isa = PBXFileReference; lastKnownFileType = text.plist.strings; name = en; path = en.lproj/InfoPlist.strings; sourceTree = "<group>"; };
		3F098FC315486B420072E4B8 /* main.m */ = {isa = PBXFileReference; lastKnownFileType = sourcecode.c.objc; path = main.m; sourceTree = "<group>"; };
		3F098FC515486B420072E4B8 /* TerrainProject-Prefix.pch */ = {isa = PBXFileReference; lastKnownFileType = sourcecode.c.h; path = "TerrainProject-Prefix.pch"; sourceTree = "<group>"; };
		3F098FC715486B420072E4B8 /* en */ = {isa = PBXFileReference; lastKnownFileType = text.rtf; name = en; path = en.lproj/Credits.rtf; sourceTree = "<group>"; };
		3F098FC915486B420072E4B8 /* TPAppDelegate.h */ = {isa = PBXFileReference; lastKnownFileType = sourcecode.c.h; path = TPAppDelegate.h; sourceTree = "<group>"; };
		3F098FCA15486B420072E4B8 /* TPAppDelegate.m */ = {isa = PBXFileReference; lastKnownFileType = sourcecode.c.objc; path = TPAppDelegate.m; sourceTree = "<group>"; };
		3F098FCD15486B430072E4B8 /* en */ = {isa = PBXFileReference; lastKnownFileType = file.xib; name = en; path = en.lproj/MainMenu.xib; sourceTree = "<group>"; };
		3F098FD415486B6F0072E4B8 /* TPOpenGLView.h */ = {isa = PBXFileReference; fileEncoding = 4; lastKnownFileType = sourcecode.c.h; path = TPOpenGLView.h; sourceTree = "<group>"; };
		3F098FD515486B6F0072E4B8 /* TPOpenGLView.m */ = {isa = PBXFileReference; fileEncoding = 4; lastKnownFileType = sourcecode.c.objc; path = TPOpenGLView.m; sourceTree = "<group>"; };
		3F098FD815486C010072E4B8 /* OpenGL.framework */ = {isa = PBXFileReference; lastKnownFileType = wrapper.framework; name = OpenGL.framework; path = System/Library/Frameworks/OpenGL.framework; sourceTree = SDKROOT; };
		3F0C1F7C1552D9CD0091CFB7 /* AtmosphereProjection.c */ = {isa = PBXFileReference; fileEncoding = 4; lastKnownFileType = sourcecode.c.c; path = AtmosphereProjection.c; sourceTree = "<group>"; };
		3F2C91CE15542518001CEB81 /* ATPoint.h */ = {isa = PBXFileReference; lastKnownFileType = sourcecode.c.h; path = ATPoint.h; sourceTree = "<group>"; };
		3F2C91CF1554258C001CEB81 /* ATPoint.c */ = {isa = PBXFileReference; fileEncoding = 4; lastKnownFileType = sourcecode.c.c; path = ATPoint.c; sourceTree = "<group>"; };
		3F2C91D11554277D001CEB81 /* ATPolygon.h */ = {isa = PBXFileReference; lastKnownFileType = sourcecode.c.h; path = ATPolygon.h; sourceTree = "<group>"; };
		3F2C91D2155427E7001CEB81 /* ATPolygon.c */ = {isa = PBXFileReference; fileEncoding = 4; lastKnownFileType = sourcecode.c.c; path = ATPolygon.c; sourceTree = "<group>"; };
		3F2C91D41554284C001CEB81 /* ATVertex.h */ = {isa = PBXFileReference; lastKnownFileType = sourcecode.c.h; path = ATVertex.h; sourceTree = "<group>"; };
		3F2C91D515542882001CEB81 /* ATVertex.c */ = {isa = PBXFileReference; fileEncoding = 4; lastKnownFileType = sourcecode.c.c; path = ATVertex.c; sourceTree = "<group>"; };
		3F2C91D715542958001CEB81 /* ATSize.h */ = {isa = PBXFileReference; lastKnownFileType = sourcecode.c.h; path = ATSize.h; sourceTree = "<group>"; };
		3F2C91D815542988001CEB81 /* ATSize.c */ = {isa = PBXFileReference; fileEncoding = 4; lastKnownFileType = sourcecode.c.c; path = ATSize.c; sourceTree = "<group>"; };
		3F2C91DA15542A18001CEB81 /* ATTexture.h */ = {isa = PBXFileReference; lastKnownFileType = sourcecode.c.h; path = ATTexture.h; sourceTree = "<group>"; };
		3F2C91DB15542A54001CEB81 /* ATTexture.c */ = {isa = PBXFileReference; fileEncoding = 4; lastKnownFileType = sourcecode.c.c; path = ATTexture.c; sourceTree = "<group>"; };
		3F2C91DD15542AFF001CEB81 /* ATColor.h */ = {isa = PBXFileReference; lastKnownFileType = sourcecode.c.h; path = ATColor.h; sourceTree = "<group>"; };
		3F2C91DE15542B50001CEB81 /* ATColor.c */ = {isa = PBXFileReference; fileEncoding = 4; lastKnownFileType = sourcecode.c.c; path = ATColor.c; sourceTree = "<group>"; };
		3F2C91E015543323001CEB81 /* ATTexturedPolygon.h */ = {isa = PBXFileReference; lastKnownFileType = sourcecode.c.h; path = ATTexturedPolygon.h; sourceTree = "<group>"; };
		3F2C91E215543960001CEB81 /* AtmosphereProjection.h */ = {isa = PBXFileReference; lastKnownFileType = sourcecode.c.h; path = AtmosphereProjection.h; sourceTree = "<group>"; };
		3F3692091563EE79007DBD4F /* NSArray+TwoD.h */ = {isa = PBXFileReference; fileEncoding = 4; lastKnownFileType = sourcecode.c.h; path = "NSArray+TwoD.h"; sourceTree = "<group>"; };
		3F36920A1563EE79007DBD4F /* NSArray+TwoD.m */ = {isa = PBXFileReference; fileEncoding = 4; lastKnownFileType = sourcecode.c.objc; path = "NSArray+TwoD.m"; sourceTree = "<group>"; };
		3F36920C15640B56007DBD4F /* QuartzCore.framework */ = {isa = PBXFileReference; lastKnownFileType = wrapper.framework; name = QuartzCore.framework; path = System/Library/Frameworks/QuartzCore.framework; sourceTree = SDKROOT; };
		3F9108E71555D701003AB9F6 /* ATTexturedPolygon.c */ = {isa = PBXFileReference; fileEncoding = 4; lastKnownFileType = sourcecode.c.c; path = ATTexturedPolygon.c; sourceTree = "<group>"; };
		3F95FD6B154B172D007D5BCC /* NSImage+OpenGLTexture.h */ = {isa = PBXFileReference; fileEncoding = 4; lastKnownFileType = sourcecode.c.h; path = "NSImage+OpenGLTexture.h"; sourceTree = "<group>"; };
		3F95FD6C154B172E007D5BCC /* NSImage+OpenGLTexture.m */ = {isa = PBXFileReference; fileEncoding = 4; lastKnownFileType = sourcecode.c.objc; path = "NSImage+OpenGLTexture.m"; sourceTree = "<group>"; };
		3F962E67155C006000090190 /* TPString.h */ = {isa = PBXFileReference; fileEncoding = 4; lastKnownFileType = sourcecode.c.h; path = TPString.h; sourceTree = "<group>"; };
		3F962E68155C006000090190 /* TPString.m */ = {isa = PBXFileReference; fileEncoding = 4; lastKnownFileType = sourcecode.c.objc; path = TPString.m; sourceTree = "<group>"; };
		3F962E6A155C1E3A00090190 /* ATRotation.h */ = {isa = PBXFileReference; lastKnownFileType = sourcecode.c.h; path = ATRotation.h; sourceTree = "<group>"; };
		3F962E6B155C1ECB00090190 /* ATRotation.c */ = {isa = PBXFileReference; fileEncoding = 4; lastKnownFileType = sourcecode.c.c; path = ATRotation.c; sourceTree = "<group>"; };
		3F962E6D155CB19A00090190 /* ATCamera.h */ = {isa = PBXFileReference; lastKnownFileType = sourcecode.c.h; path = ATCamera.h; sourceTree = "<group>"; };
		3F962E6E155CB1B300090190 /* ATCamera.c */ = {isa = PBXFileReference; fileEncoding = 4; lastKnownFileType = sourcecode.c.c; path = ATCamera.c; sourceTree = "<group>"; };
		3F962E70155CB23F00090190 /* ATVector.h */ = {isa = PBXFileReference; lastKnownFileType = sourcecode.c.h; path = ATVector.h; sourceTree = "<group>"; };
		3F962E71155CB24A00090190 /* ATVector.c */ = {isa = PBXFileReference; fileEncoding = 4; lastKnownFileType = sourcecode.c.c; path = ATVector.c; sourceTree = "<group>"; };
		3F980A9F154891CF005EDE60 /* TPSceneRenderer.h */ = {isa = PBXFileReference; fileEncoding = 4; lastKnownFileType = sourcecode.c.h; path = TPSceneRenderer.h; sourceTree = "<group>"; };
		3F980AA0154891CF005EDE60 /* TPSceneRenderer.m */ = {isa = PBXFileReference; fileEncoding = 4; lastKnownFileType = sourcecode.c.objc; path = TPSceneRenderer.m; sourceTree = "<group>"; };
		3F980AA8154893FA005EDE60 /* TPAxis.h */ = {isa = PBXFileReference; fileEncoding = 4; lastKnownFileType = sourcecode.c.h; path = TPAxis.h; sourceTree = "<group>"; };
		3F980AA9154893FA005EDE60 /* TPAxis.m */ = {isa = PBXFileReference; fileEncoding = 4; lastKnownFileType = sourcecode.c.objc; path = TPAxis.m; sourceTree = "<group>"; };
		3F980AC1154A3590005EDE60 /* TPTerrain.h */ = {isa = PBXFileReference; fileEncoding = 4; lastKnownFileType = sourcecode.c.h; path = TPTerrain.h; sourceTree = "<group>"; };
		3F980AC2154A3591005EDE60 /* TPTerrain.m */ = {isa = PBXFileReference; fileEncoding = 4; lastKnownFileType = sourcecode.c.objc; path = TPTerrain.m; sourceTree = "<group>"; };
		3F980AC4154A3822005EDE60 /* TPChunk.h */ = {isa = PBXFileReference; fileEncoding = 4; lastKnownFileType = sourcecode.c.h; path = TPChunk.h; sourceTree = "<group>"; };
		3F980AC5154A3822005EDE60 /* TPChunk.m */ = {isa = PBXFileReference; fileEncoding = 4; lastKnownFileType = sourcecode.c.objc; path = TPChunk.m; sourceTree = "<group>"; };
		3F980AD6154AF844005EDE60 /* JSColor.h */ = {isa = PBXFileReference; lastKnownFileType = sourcecode.c.h; path = JSColor.h; sourceTree = "<group>"; };
		3F980AD7154AFB29005EDE60 /* JSVertex.h */ = {isa = PBXFileReference; fileEncoding = 4; lastKnownFileType = sourcecode.c.h; path = JSVertex.h; sourceTree = "<group>"; };
		3F980AD8154AFB29005EDE60 /* JSVertex.m */ = {isa = PBXFileReference; fileEncoding = 4; lastKnownFileType = sourcecode.c.objc; path = JSVertex.m; sourceTree = "<group>"; };
		3FAE6A8C15688E4E00917C65 /* TPTerrainGenerator.h */ = {isa = PBXFileReference; fileEncoding = 4; lastKnownFileType = sourcecode.c.h; path = TPTerrainGenerator.h; sourceTree = "<group>"; };
		3FAE6A8D15688E4E00917C65 /* TPTerrainGenerator.m */ = {isa = PBXFileReference; fileEncoding = 4; lastKnownFileType = sourcecode.c.objc; path = TPTerrainGenerator.m; sourceTree = "<group>"; };
		3FE7AFAA1551C8AB00363533 /* Atmosphere.h */ = {isa = PBXFileReference; lastKnownFileType = sourcecode.c.h; path = Atmosphere.h; sourceTree = "<group>"; };
/* End PBXFileReference section */

/* Begin PBXFrameworksBuildPhase section */
		3F098FB015486B420072E4B8 /* Frameworks */ = {
			isa = PBXFrameworksBuildPhase;
			buildActionMask = 2147483647;
			files = (
				3F36920D15640B56007DBD4F /* QuartzCore.framework in Frameworks */,
				3F098FDA15486C010072E4B8 /* OpenGL.framework in Frameworks */,
				3F098FB815486B420072E4B8 /* Cocoa.framework in Frameworks */,
			);
			runOnlyForDeploymentPostprocessing = 0;
		};
/* End PBXFrameworksBuildPhase section */

/* Begin PBXGroup section */
		3F098FA815486B420072E4B8 = {
			isa = PBXGroup;
			children = (
				3F098FBD15486B420072E4B8 /* TerrainProject */,
				3F098FB615486B420072E4B8 /* Frameworks */,
				3F098FB415486B420072E4B8 /* Products */,
			);
			sourceTree = "<group>";
		};
		3F098FB415486B420072E4B8 /* Products */ = {
			isa = PBXGroup;
			children = (
				3F098FB315486B420072E4B8 /* TerrainProject.app */,
			);
			name = Products;
			sourceTree = "<group>";
		};
		3F098FB615486B420072E4B8 /* Frameworks */ = {
			isa = PBXGroup;
			children = (
				3F36920C15640B56007DBD4F /* QuartzCore.framework */,
				3F098FD815486C010072E4B8 /* OpenGL.framework */,
				3F098FB715486B420072E4B8 /* Cocoa.framework */,
				3F098FB915486B420072E4B8 /* Other Frameworks */,
			);
			name = Frameworks;
			sourceTree = "<group>";
		};
		3F098FB915486B420072E4B8 /* Other Frameworks */ = {
			isa = PBXGroup;
			children = (
				3F098FBA15486B420072E4B8 /* AppKit.framework */,
				3F098FBB15486B420072E4B8 /* CoreData.framework */,
				3F098FBC15486B420072E4B8 /* Foundation.framework */,
			);
			name = "Other Frameworks";
			sourceTree = "<group>";
		};
		3F098FBD15486B420072E4B8 /* TerrainProject */ = {
			isa = PBXGroup;
			children = (
				3F098FC915486B420072E4B8 /* TPAppDelegate.h */,
				3F098FCA15486B420072E4B8 /* TPAppDelegate.m */,
				3F098FCC15486B430072E4B8 /* MainMenu.xib */,
				3F098FBE15486B420072E4B8 /* Supporting Files */,
				3F098FD415486B6F0072E4B8 /* TPOpenGLView.h */,
				3F098FD515486B6F0072E4B8 /* TPOpenGLView.m */,
				3F980A9F154891CF005EDE60 /* TPSceneRenderer.h */,
				3F980AA0154891CF005EDE60 /* TPSceneRenderer.m */,
				3F980AA8154893FA005EDE60 /* TPAxis.h */,
				3F980AA9154893FA005EDE60 /* TPAxis.m */,
				3F980AC1154A3590005EDE60 /* TPTerrain.h */,
				3F980AC2154A3591005EDE60 /* TPTerrain.m */,
				3F980AC4154A3822005EDE60 /* TPChunk.h */,
				3F980AC5154A3822005EDE60 /* TPChunk.m */,
				3FAE6A8C15688E4E00917C65 /* TPTerrainGenerator.h */,
				3FAE6A8D15688E4E00917C65 /* TPTerrainGenerator.m */,
				3F980AD6154AF844005EDE60 /* JSColor.h */,
				3F980AD7154AFB29005EDE60 /* JSVertex.h */,
				3F980AD8154AFB29005EDE60 /* JSVertex.m */,
				3F95FD6B154B172D007D5BCC /* NSImage+OpenGLTexture.h */,
				3F95FD6C154B172E007D5BCC /* NSImage+OpenGLTexture.m */,
				3FE7AFAB1551C8B000363533 /* Atmosphere */,
				3F962E67155C006000090190 /* TPString.h */,
				3F962E68155C006000090190 /* TPString.m */,
				3F3692091563EE79007DBD4F /* NSArray+TwoD.h */,
				3F36920A1563EE79007DBD4F /* NSArray+TwoD.m */,
			);
			path = TerrainProject;
			sourceTree = "<group>";
		};
		3F098FBE15486B420072E4B8 /* Supporting Files */ = {
			isa = PBXGroup;
			children = (
				3F098FBF15486B420072E4B8 /* TerrainProject-Info.plist */,
				3F098FC015486B420072E4B8 /* InfoPlist.strings */,
				3F098FC315486B420072E4B8 /* main.m */,
				3F098FC515486B420072E4B8 /* TerrainProject-Prefix.pch */,
				3F098FC615486B420072E4B8 /* Credits.rtf */,
			);
			name = "Supporting Files";
			sourceTree = "<group>";
		};
		3FE7AFAB1551C8B000363533 /* Atmosphere */ = {
			isa = PBXGroup;
			children = (
				3FE7AFAA1551C8AB00363533 /* Atmosphere.h */,
				3F2C91E215543960001CEB81 /* AtmosphereProjection.h */,
				3F0C1F7C1552D9CD0091CFB7 /* AtmosphereProjection.c */,
				3F962E6D155CB19A00090190 /* ATCamera.h */,
				3F962E6E155CB1B300090190 /* ATCamera.c */,
				3F2C91CE15542518001CEB81 /* ATPoint.h */,
				3F2C91CF1554258C001CEB81 /* ATPoint.c */,
				3F2C91D11554277D001CEB81 /* ATPolygon.h */,
				3F2C91D2155427E7001CEB81 /* ATPolygon.c */,
				3F2C91D41554284C001CEB81 /* ATVertex.h */,
				3F2C91D515542882001CEB81 /* ATVertex.c */,
				3F2C91D715542958001CEB81 /* ATSize.h */,
				3F2C91D815542988001CEB81 /* ATSize.c */,
				3F2C91DA15542A18001CEB81 /* ATTexture.h */,
				3F2C91DB15542A54001CEB81 /* ATTexture.c */,
				3F2C91DD15542AFF001CEB81 /* ATColor.h */,
				3F2C91DE15542B50001CEB81 /* ATColor.c */,
				3F2C91E015543323001CEB81 /* ATTexturedPolygon.h */,
				3F9108E71555D701003AB9F6 /* ATTexturedPolygon.c */,
				3F962E6A155C1E3A00090190 /* ATRotation.h */,
				3F962E6B155C1ECB00090190 /* ATRotation.c */,
				3F962E70155CB23F00090190 /* ATVector.h */,
				3F962E71155CB24A00090190 /* ATVector.c */,
			);
			name = Atmosphere;
			sourceTree = "<group>";
		};
/* End PBXGroup section */

/* Begin PBXNativeTarget section */
		3F098FB215486B420072E4B8 /* TerrainProject */ = {
			isa = PBXNativeTarget;
			buildConfigurationList = 3F098FD115486B430072E4B8 /* Build configuration list for PBXNativeTarget "TerrainProject" */;
			buildPhases = (
				3F098FAF15486B420072E4B8 /* Sources */,
				3F098FB015486B420072E4B8 /* Frameworks */,
				3F098FB115486B420072E4B8 /* Resources */,
			);
			buildRules = (
			);
			dependencies = (
			);
			name = TerrainProject;
			productName = TerrainProject;
			productReference = 3F098FB315486B420072E4B8 /* TerrainProject.app */;
			productType = "com.apple.product-type.application";
		};
/* End PBXNativeTarget section */

/* Begin PBXProject section */
		3F098FAA15486B420072E4B8 /* Project object */ = {
			isa = PBXProject;
			attributes = {
				CLASSPREFIX = TP;
				LastUpgradeCheck = 0430;
				ORGANIZATIONNAME = Home;
			};
			buildConfigurationList = 3F098FAD15486B420072E4B8 /* Build configuration list for PBXProject "TerrainProject" */;
			compatibilityVersion = "Xcode 3.2";
			developmentRegion = English;
			hasScannedForEncodings = 0;
			knownRegions = (
				en,
			);
			mainGroup = 3F098FA815486B420072E4B8;
			productRefGroup = 3F098FB415486B420072E4B8 /* Products */;
			projectDirPath = "";
			projectRoot = "";
			targets = (
				3F098FB215486B420072E4B8 /* TerrainProject */,
			);
		};
/* End PBXProject section */

/* Begin PBXResourcesBuildPhase section */
		3F098FB115486B420072E4B8 /* Resources */ = {
			isa = PBXResourcesBuildPhase;
			buildActionMask = 2147483647;
			files = (
				3F098FC215486B420072E4B8 /* InfoPlist.strings in Resources */,
				3F098FC815486B420072E4B8 /* Credits.rtf in Resources */,
				3F098FCE15486B430072E4B8 /* MainMenu.xib in Resources */,
			);
			runOnlyForDeploymentPostprocessing = 0;
		};
/* End PBXResourcesBuildPhase section */

/* Begin PBXSourcesBuildPhase section */
		3F098FAF15486B420072E4B8 /* Sources */ = {
			isa = PBXSourcesBuildPhase;
			buildActionMask = 2147483647;
			files = (
				3F098FC415486B420072E4B8 /* main.m in Sources */,
				3F098FCB15486B420072E4B8 /* TPAppDelegate.m in Sources */,
				3F098FD615486B6F0072E4B8 /* TPOpenGLView.m in Sources */,
				3F980AA1154891CF005EDE60 /* TPSceneRenderer.m in Sources */,
				3F980AAA154893FA005EDE60 /* TPAxis.m in Sources */,
				3F980AC3154A3591005EDE60 /* TPTerrain.m in Sources */,
				3F980AC6154A3823005EDE60 /* TPChunk.m in Sources */,
				3F980AD9154AFB2A005EDE60 /* JSVertex.m in Sources */,
				3F95FD6D154B172E007D5BCC /* NSImage+OpenGLTexture.m in Sources */,
				3F0C1F7D1552D9CD0091CFB7 /* AtmosphereProjection.c in Sources */,
				3F2C91D01554258C001CEB81 /* ATPoint.c in Sources */,
				3F2C91D3155427E7001CEB81 /* ATPolygon.c in Sources */,
				3F2C91D615542882001CEB81 /* ATVertex.c in Sources */,
				3F2C91D915542988001CEB81 /* ATSize.c in Sources */,
				3F2C91DC15542A55001CEB81 /* ATTexture.c in Sources */,
				3F2C91DF15542B50001CEB81 /* ATColor.c in Sources */,
				3F9108E81555D701003AB9F6 /* ATTexturedPolygon.c in Sources */,
				3F962E69155C006100090190 /* TPString.m in Sources */,
				3F962E6C155C1ECD00090190 /* ATRotation.c in Sources */,
				3F962E6F155CB1B400090190 /* ATCamera.c in Sources */,
				3F962E72155CB24B00090190 /* ATVector.c in Sources */,
				3F36920B1563EE79007DBD4F /* NSArray+TwoD.m in Sources */,
				3FAE6A8E15688E4E00917C65 /* TPTerrainGenerator.m in Sources */,
			);
			runOnlyForDeploymentPostprocessing = 0;
		};
/* End PBXSourcesBuildPhase section */

/* Begin PBXVariantGroup section */
		3F098FC015486B420072E4B8 /* InfoPlist.strings */ = {
			isa = PBXVariantGroup;
			children = (
				3F098FC115486B420072E4B8 /* en */,
			);
			name = InfoPlist.strings;
			sourceTree = "<group>";
		};
		3F098FC615486B420072E4B8 /* Credits.rtf */ = {
			isa = PBXVariantGroup;
			children = (
				3F098FC715486B420072E4B8 /* en */,
			);
			name = Credits.rtf;
			sourceTree = "<group>";
		};
		3F098FCC15486B430072E4B8 /* MainMenu.xib */ = {
			isa = PBXVariantGroup;
			children = (
				3F098FCD15486B430072E4B8 /* en */,
			);
			name = MainMenu.xib;
			sourceTree = "<group>";
		};
/* End PBXVariantGroup section */

/* Begin XCBuildConfiguration section */
		3F098FCF15486B430072E4B8 /* Debug */ = {
			isa = XCBuildConfiguration;
			buildSettings = {
				ALWAYS_SEARCH_USER_PATHS = NO;
				ARCHS = "$(ARCHS_STANDARD_64_BIT)";
				CLANG_ENABLE_OBJC_ARC = YES;
				COPY_PHASE_STRIP = NO;
				GCC_C_LANGUAGE_STANDARD = gnu99;
				GCC_DYNAMIC_NO_PIC = NO;
				GCC_ENABLE_OBJC_EXCEPTIONS = YES;
				GCC_OPTIMIZATION_LEVEL = 0;
				GCC_PREPROCESSOR_DEFINITIONS = (
					"DEBUG=1",
					"$(inherited)",
				);
				GCC_SYMBOLS_PRIVATE_EXTERN = NO;
				GCC_VERSION = "";
				GCC_WARN_64_TO_32_BIT_CONVERSION = YES;
				GCC_WARN_ABOUT_RETURN_TYPE = YES;
				GCC_WARN_UNINITIALIZED_AUTOS = YES;
				GCC_WARN_UNUSED_VARIABLE = YES;
				MACOSX_DEPLOYMENT_TARGET = 10.7;
				ONLY_ACTIVE_ARCH = YES;
				SDKROOT = macosx;
			};
			name = Debug;
		};
		3F098FD015486B430072E4B8 /* Release */ = {
			isa = XCBuildConfiguration;
			buildSettings = {
				ALWAYS_SEARCH_USER_PATHS = NO;
				ARCHS = "$(ARCHS_STANDARD_64_BIT)";
				CLANG_ENABLE_OBJC_ARC = YES;
				COPY_PHASE_STRIP = YES;
				DEBUG_INFORMATION_FORMAT = "dwarf-with-dsym";
				GCC_C_LANGUAGE_STANDARD = gnu99;
				GCC_ENABLE_OBJC_EXCEPTIONS = YES;
				GCC_VERSION = "";
				GCC_WARN_64_TO_32_BIT_CONVERSION = YES;
				GCC_WARN_ABOUT_RETURN_TYPE = YES;
				GCC_WARN_UNINITIALIZED_AUTOS = YES;
				GCC_WARN_UNUSED_VARIABLE = YES;
				MACOSX_DEPLOYMENT_TARGET = 10.7;
				SDKROOT = macosx;
			};
			name = Release;
		};
		3F098FD215486B430072E4B8 /* Debug */ = {
			isa = XCBuildConfiguration;
			buildSettings = {
				GCC_PRECOMPILE_PREFIX_HEADER = YES;
				GCC_PREFIX_HEADER = "TerrainProject/TerrainProject-Prefix.pch";
				INFOPLIST_FILE = "TerrainProject/TerrainProject-Info.plist";
				MACOSX_DEPLOYMENT_TARGET = 10.6;
				PRODUCT_NAME = "$(TARGET_NAME)";
				SDKROOT = macosx;
				WRAPPER_EXTENSION = app;
			};
			name = Debug;
		};
		3F098FD315486B430072E4B8 /* Release */ = {
			isa = XCBuildConfiguration;
			buildSettings = {
				GCC_PRECOMPILE_PREFIX_HEADER = YES;
				GCC_PREFIX_HEADER = "TerrainProject/TerrainProject-Prefix.pch";
				INFOPLIST_FILE = "TerrainProject/TerrainProject-Info.plist";
				MACOSX_DEPLOYMENT_TARGET = 10.6;
				PRODUCT_NAME = "$(TARGET_NAME)";
				SDKROOT = macosx;
				WRAPPER_EXTENSION = app;
			};
			name = Release;
		};
/* End XCBuildConfiguration section */

/* Begin XCConfigurationList section */
		3F098FAD15486B420072E4B8 /* Build configuration list for PBXProject "TerrainProject" */ = {
			isa = XCConfigurationList;
			buildConfigurations = (
				3F098FCF15486B430072E4B8 /* Debug */,
				3F098FD015486B430072E4B8 /* Release */,
			);
			defaultConfigurationIsVisible = 0;
			defaultConfigurationName = Release;
		};
		3F098FD115486B430072E4B8 /* Build configuration list for PBXNativeTarget "TerrainProject" */ = {
			isa = XCConfigurationList;
			buildConfigurations = (
				3F098FD215486B430072E4B8 /* Debug */,
				3F098FD315486B430072E4B8 /* Release */,
			);
			defaultConfigurationIsVisible = 0;
			defaultConfigurationName = Release;
		};
/* End XCConfigurationList section */
	};
	rootObject = 3F098FAA15486B420072E4B8 /* Project object */;
}
